
Microsoft Visual Studio Solution File, Format Version 12.00
# Visual Studio 15
VisualStudioVersion = 15.0.28010.2036
MinimumVisualStudioVersion = 10.0.40219.1
Project("{FAE04EC0-301F-11D3-BF4B-00C04F79EFBC}") = "BankKata", "BankKata\BankKata.csproj", "{8252108A-6020-4406-8FB2-D747B4B47595}"
EndProject
Project("{FAE04EC0-301F-11D3-BF4B-00C04F79EFBC}") = "BankKataTest", "BankKataTest\BankKataTest.csproj", "{C5DF3EBA-337C-433F-A2CE-2E4224098D2D}"
EndProject
Global
	GlobalSection(SolutionConfigurationPlatforms) = preSolution
		Debug|Any CPU = Debug|Any CPU
		Release|Any CPU = Release|Any CPU
	EndGlobalSection
	GlobalSection(ProjectConfigurationPlatforms) = postSolution
		{8252108A-6020-4406-8FB2-D747B4B47595}.Debug|Any CPU.ActiveCfg = Debug|Any CPU
		{8252108A-6020-4406-8FB2-D747B4B47595}.Debug|Any CPU.Build.0 = Debug|Any CPU
		{8252108A-6020-4406-8FB2-D747B4B47595}.Release|Any CPU.ActiveCfg = Release|Any CPU
		{8252108A-6020-4406-8FB2-D747B4B47595}.Release|Any CPU.Build.0 = Release|Any CPU
		{C5DF3EBA-337C-433F-A2CE-2E4224098D2D}.Debug|Any CPU.ActiveCfg = Debug|Any CPU
		{C5DF3EBA-337C-433F-A2CE-2E4224098D2D}.Debug|Any CPU.Build.0 = Debug|Any CPU
		{C5DF3EBA-337C-433F-A2CE-2E4224098D2D}.Release|Any CPU.ActiveCfg = Release|Any CPU
		{C5DF3EBA-337C-433F-A2CE-2E4224098D2D}.Release|Any CPU.Build.0 = Release|Any CPU
	EndGlobalSection
	GlobalSection(SolutionProperties) = preSolution
		HideSolutionNode = FALSE
	EndGlobalSection
	GlobalSection(ExtensibilityGlobals) = postSolution
		SolutionGuid = {FEB63F99-89C3-41D7-8E98-EA89FF8D5F60}
	EndGlobalSection
EndGlobal
